
Microsoft Visual Studio Solution File, Format Version 12.00
# Visual Studio Version 17
VisualStudioVersion = 17.13.35825.156 d17.13
MinimumVisualStudioVersion = 10.0.40219.1
Project("{FAE04EC0-301F-11D3-BF4B-00C04F79EFBC}") = "MembershipDesktop", "MembershipDesktop.csproj", "{8231871F-4555-44ED-9031-FA2C5738AB6F}"
EndProject
Global
	GlobalSection(SolutionConfigurationPlatforms) = preSolution
		Debug|Any CPU = Debug|Any CPU
		Release|Any CPU = Release|Any CPU
	EndGlobalSection
	GlobalSection(ProjectConfigurationPlatforms) = postSolution
		{8231871F-4555-44ED-9031-FA2C5738AB6F}.Debug|Any CPU.ActiveCfg = Debug|Any CPU
		{8231871F-4555-44ED-9031-FA2C5738AB6F}.Debug|Any CPU.Build.0 = Debug|Any CPU
		{8231871F-4555-44ED-9031-FA2C5738AB6F}.Release|Any CPU.ActiveCfg = Release|Any CPU
		{8231871F-4555-44ED-9031-FA2C5738AB6F}.Release|Any CPU.Build.0 = Release|Any CPU
	EndGlobalSection
	GlobalSection(SolutionProperties) = preSolution
		HideSolutionNode = FALSE
	EndGlobalSection
	GlobalSection(ExtensibilityGlobals) = postSolution
		SolutionGuid = {68C03BEF-3560-4BC9-B560-FB92DD3BA1F8}
	EndGlobalSection
EndGlobal
